
Microsoft Visual Studio Solution File, Format Version 12.00
# Visual Studio Version 17
VisualStudioVersion = 17.14.37314.3 d17.14
MinimumVisualStudioVersion = 10.0.40219.1
Project("{FAE04EC0-301F-11D3-BF4B-00C04F79EFBC}") = "LP_Solver", "LP_Solver.csproj", "{79F558AD-3756-4D90-A9DD-47D41661001D}"
EndProject
Global
	GlobalSection(SolutionConfigurationPlatforms) = preSolution
		Debug|Any CPU = Debug|Any CPU
		Release|Any CPU = Release|Any CPU
	EndGlobalSection
	GlobalSection(ProjectConfigurationPlatforms) = postSolution
		{79F558AD-3756-4D90-A9DD-47D41661001D}.Debug|Any CPU.ActiveCfg = Debug|Any CPU
		{79F558AD-3756-4D90-A9DD-47D41661001D}.Debug|Any CPU.Build.0 = Debug|Any CPU
		{79F558AD-3756-4D90-A9DD-47D41661001D}.Release|Any CPU.ActiveCfg = Release|Any CPU
		{79F558AD-3756-4D90-A9DD-47D41661001D}.Release|Any CPU.Build.0 = Release|Any CPU
	EndGlobalSection
	GlobalSection(SolutionProperties) = preSolution
		HideSolutionNode = FALSE
	EndGlobalSection
	GlobalSection(ExtensibilityGlobals) = postSolution
		SolutionGuid = {4AF7F711-8302-439B-87CD-E524738D8B9F}
	EndGlobalSection
EndGlobal
